
Microsoft Visual Studio Solution File, Format Version 12.00
# Visual Studio 2012
Project("{FAE04EC0-301F-11D3-BF4B-00C04F79EFBC}") = "TinyHttpClientPool.Tests", "TinyHttpClientPool.Tests\TinyHttpClientPool.Tests.csproj", "{7E092611-2E90-4EE6-AB95-F5FA9D87CA40}"
EndProject
Project("{FAE04EC0-301F-11D3-BF4B-00C04F79EFBC}") = "TinyHttpClientPool", "TinyHttpClientPool\TinyHttpClientPool.csproj", "{DFB4D488-DE81-4A33-AF0D-1638A54557AB}"
EndProject
Global
	GlobalSection(SolutionConfigurationPlatforms) = preSolution
		Debug|Any CPU = Debug|Any CPU
		Release|Any CPU = Release|Any CPU
	EndGlobalSection
	GlobalSection(ProjectConfigurationPlatforms) = postSolution
		{7E092611-2E90-4EE6-AB95-F5FA9D87CA40}.Debug|Any CPU.ActiveCfg = Debug|Any CPU
		{7E092611-2E90-4EE6-AB95-F5FA9D87CA40}.Debug|Any CPU.Build.0 = Debug|Any CPU
		{7E092611-2E90-4EE6-AB95-F5FA9D87CA40}.Release|Any CPU.ActiveCfg = Release|Any CPU
		{7E092611-2E90-4EE6-AB95-F5FA9D87CA40}.Release|Any CPU.Build.0 = Release|Any CPU
		{DFB4D488-DE81-4A33-AF0D-1638A54557AB}.Debug|Any CPU.ActiveCfg = Debug|Any CPU
		{DFB4D488-DE81-4A33-AF0D-1638A54557AB}.Debug|Any CPU.Build.0 = Debug|Any CPU
		{DFB4D488-DE81-4A33-AF0D-1638A54557AB}.Release|Any CPU.ActiveCfg = Release|Any CPU
		{DFB4D488-DE81-4A33-AF0D-1638A54557AB}.Release|Any CPU.Build.0 = Release|Any CPU
	EndGlobalSection
EndGlobal
